
Microsoft Visual Studio Solution File, Format Version 12.00
# Visual Studio 2013
VisualStudioVersion = 12.0.30723.0
MinimumVisualStudioVersion = 10.0.40219.1
Project("{E24C65DC-7377-472B-9ABA-BC803B73C61A}") = "Pinion-Bootstrap", "http://localhost:53451", "{681F86FF-E598-4A7D-A368-E8692E1648E1}"
	ProjectSection(WebsiteProperties) = preProject
		UseIISExpress = "true"
		TargetFrameworkMoniker = ".NETFramework,Version%3Dv4.0"
		Debug.AspNetCompiler.VirtualPath = "/localhost_53451"
		Debug.AspNetCompiler.PhysicalPath = "..\..\Pinion-Bootstrap\"
		Debug.AspNetCompiler.TargetPath = "PrecompiledWeb\localhost_53451\"
		Debug.AspNetCompiler.Updateable = "true"
		Debug.AspNetCompiler.ForceOverwrite = "true"
		Debug.AspNetCompiler.FixedNames = "false"
		Debug.AspNetCompiler.Debug = "True"
		Release.AspNetCompiler.VirtualPath = "/localhost_53451"
		Release.AspNetCompiler.PhysicalPath = "..\..\Pinion-Bootstrap\"
		Release.AspNetCompiler.TargetPath = "PrecompiledWeb\localhost_53451\"
		Release.AspNetCompiler.Updateable = "true"
		Release.AspNetCompiler.ForceOverwrite = "true"
		Release.AspNetCompiler.FixedNames = "false"
		Release.AspNetCompiler.Debug = "False"
		SlnRelativePath = "..\..\Pinion-Bootstrap\"
	EndProjectSection
EndProject
Global
	GlobalSection(SolutionConfigurationPlatforms) = preSolution
		Debug|Any CPU = Debug|Any CPU
	EndGlobalSection
	GlobalSection(ProjectConfigurationPlatforms) = postSolution
		{681F86FF-E598-4A7D-A368-E8692E1648E1}.Debug|Any CPU.ActiveCfg = Debug|Any CPU
		{681F86FF-E598-4A7D-A368-E8692E1648E1}.Debug|Any CPU.Build.0 = Debug|Any CPU
	EndGlobalSection
	GlobalSection(SolutionProperties) = preSolution
		HideSolutionNode = FALSE
	EndGlobalSection
EndGlobal
